// !$*UTF8*$!
{
	archiveVersion = 1;
	classes = {
	};
	objectVersion = 50;
	objects = {

/* Begin PBXBuildFile section */
		22D5270D266A784D00F3E58F /* swiftui_guessing_number_gameApp.swift in Sources */ = {isa = PBXBuildFile; fileRef = 22D5270C266A784D00F3E58F /* swiftui_guessing_number_gameApp.swift */; };
		22D5270F266A784D00F3E58F /* GameView.swift in Sources */ = {isa = PBXBuildFile; fileRef = 22D5270E266A784D00F3E58F /* GameView.swift */; };
		22D52711266A785200F3E58F /* Assets.xcassets in Resources */ = {isa = PBXBuildFile; fileRef = 22D52710266A785200F3E58F /* Assets.xcassets */; };
		22D52714266A785200F3E58F /* Preview Assets.xcassets in Resources */ = {isa = PBXBuildFile; fileRef = 22D52713266A785200F3E58F /* Preview Assets.xcassets */; };
		22D5271C266A7A0A00F3E58F /* GameManager.swift in Sources */ = {isa = PBXBuildFile; fileRef = 22D5271B266A7A0A00F3E58F /* GameManager.swift */; };
		22D5271E266A7A1C00F3E58F /* GameModel.swift in Sources */ = {isa = PBXBuildFile; fileRef = 22D5271D266A7A1C00F3E58F /* GameModel.swift */; };
/* End PBXBuildFile section */

/* Begin PBXFileReference section */
		22D52709266A784D00F3E58F /* swiftui-guessing-number-game.app */ = {isa = PBXFileReference; explicitFileType = wrapper.application; includeInIndex = 0; path = "swiftui-guessing-number-game.app"; sourceTree = BUILT_PRODUCTS_DIR; };
		22D5270C266A784D00F3E58F /* swiftui_guessing_number_gameApp.swift */ = {isa = PBXFileReference; lastKnownFileType = sourcecode.swift; path = swiftui_guessing_number_gameApp.swift; sourceTree = "<group>"; };
		22D5270E266A784D00F3E58F /* GameView.swift */ = {isa = PBXFileReference; lastKnownFileType = sourcecode.swift; path = GameView.swift; sourceTree = "<group>"; };
		22D52710266A785200F3E58F /* Assets.xcassets */ = {isa = PBXFileReference; lastKnownFileType = folder.assetcatalog; path = Assets.xcassets; sourceTree = "<group>"; };
		22D52713266A785200F3E58F /* Preview Assets.xcassets */ = {isa = PBXFileReference; lastKnownFileType = folder.assetcatalog; path = "Preview Assets.xcassets"; sourceTree = "<group>"; };
		22D52715266A785200F3E58F /* Info.plist */ = {isa = PBXFileReference; lastKnownFileType = text.plist.xml; path = Info.plist; sourceTree = "<group>"; };
		22D5271B266A7A0A00F3E58F /* GameManager.swift */ = {isa = PBXFileReference; lastKnownFileType = sourcecode.swift; path = GameManager.swift; sourceTree = "<group>"; };
		22D5271D266A7A1C00F3E58F /* GameModel.swift */ = {isa = PBXFileReference; lastKnownFileType = sourcecode.swift; path = GameModel.swift; sourceTree = "<group>"; };
/* End PBXFileReference section */

/* Begin PBXFrameworksBuildPhase section */
		22D52706266A784D00F3E58F /* Frameworks */ = {
			isa = PBXFrameworksBuildPhase;
			buildActionMask = 2147483647;
			files = (
			);
			runOnlyForDeploymentPostprocessing = 0;
		};
/* End PBXFrameworksBuildPhase section */

/* Begin PBXGroup section */
		22D52700266A784D00F3E58F = {
			isa = PBXGroup;
			children = (
				22D5270B266A784D00F3E58F /* swiftui-guessing-number-game */,
				22D5270A266A784D00F3E58F /* Products */,
			);
			sourceTree = "<group>";
		};
		22D5270A266A784D00F3E58F /* Products */ = {
			isa = PBXGroup;
			children = (
				22D52709266A784D00F3E58F /* swiftui-guessing-number-game.app */,
			);
			name = Products;
			sourceTree = "<group>";
		};
		22D5270B266A784D00F3E58F /* swiftui-guessing-number-game */ = {
			isa = PBXGroup;
			children = (
				22D52721266A7A7C00F3E58F /* Model */,
				22D52720266A7A7500F3E58F /* View Model */,
				22D5271F266A7A6200F3E58F /* View */,
				22D5270C266A784D00F3E58F /* swiftui_guessing_number_gameApp.swift */,
				22D52710266A785200F3E58F /* Assets.xcassets */,
				22D52715266A785200F3E58F /* Info.plist */,
				22D52712266A785200F3E58F /* Preview Content */,
			);
			path = "swiftui-guessing-number-game";
			sourceTree = "<group>";
		};
		22D52712266A785200F3E58F /* Preview Content */ = {
			isa = PBXGroup;
			children = (
				22D52713266A785200F3E58F /* Preview Assets.xcassets */,
			);
			path = "Preview Content";
			sourceTree = "<group>";
		};
		22D5271F266A7A6200F3E58F /* View */ = {
			isa = PBXGroup;
			children = (
				22D5270E266A784D00F3E58F /* GameView.swift */,
			);
			path = View;
			sourceTree = "<group>";
		};
		22D52720266A7A7500F3E58F /* View Model */ = {
			isa = PBXGroup;
			children = (
				22D5271B266A7A0A00F3E58F /* GameManager.swift */,
			);
			path = "View Model";
			sourceTree = "<group>";
		};
		22D52721266A7A7C00F3E58F /* Model */ = {
			isa = PBXGroup;
			children = (
				22D5271D266A7A1C00F3E58F /* GameModel.swift */,
			);
			path = Model;
			sourceTree = "<group>";
		};
/* End PBXGroup section */

/* Begin PBXNativeTarget section */
		22D52708266A784D00F3E58F /* swiftui-guessing-number-game */ = {
			isa = PBXNativeTarget;
			buildConfigurationList = 22D52718266A785200F3E58F /* Build configuration list for PBXNativeTarget "swiftui-guessing-number-game" */;
			buildPhases = (
				22D52705266A784D00F3E58F /* Sources */,
				22D52706266A784D00F3E58F /* Frameworks */,
				22D52707266A784D00F3E58F /* Resources */,
			);
			buildRules = (
			);
			dependencies = (
			);
			name = "swiftui-guessing-number-game";
			productName = "swiftui-guessing-number-game";
			productReference = 22D52709266A784D00F3E58F /* swiftui-guessing-number-game.app */;
			productType = "com.apple.product-type.application";
		};
/* End PBXNativeTarget section */

/* Begin PBXProject section */
		22D52701266A784D00F3E58F /* Project object */ = {
			isa = PBXProject;
			attributes = {
				LastSwiftUpdateCheck = 1250;
				LastUpgradeCheck = 1250;
				TargetAttributes = {
					22D52708266A784D00F3E58F = {
						CreatedOnToolsVersion = 12.5;
					};
				};
			};
			buildConfigurationList = 22D52704266A784D00F3E58F /* Build configuration list for PBXProject "swiftui-guessing-number-game" */;
			compatibilityVersion = "Xcode 9.3";
			developmentRegion = en;
			hasScannedForEncodings = 0;
			knownRegions = (
				en,
				Base,
			);
			mainGroup = 22D52700266A784D00F3E58F;
			productRefGroup = 22D5270A266A784D00F3E58F /* Products */;
			projectDirPath = "";
			projectRoot = "";
			targets = (
				22D52708266A784D00F3E58F /* swiftui-guessing-number-game */,
			);
		};
/* End PBXProject section */

/* Begin PBXResourcesBuildPhase section */
		22D52707266A784D00F3E58F /* Resources */ = {
			isa = PBXResourcesBuildPhase;
			buildActionMask = 2147483647;
			files = (
				22D52714266A785200F3E58F /* Preview Assets.xcassets in Resources */,
				22D52711266A785200F3E58F /* Assets.xcassets in Resources */,
			);
			runOnlyForDeploymentPostprocessing = 0;
		};
/* End PBXResourcesBuildPhase section */

/* Begin PBXSourcesBuildPhase section */
		22D52705266A784D00F3E58F /* Sources */ = {
			isa = PBXSourcesBuildPhase;
			buildActionMask = 2147483647;
			files = (
				22D5271C266A7A0A00F3E58F /* GameManager.swift in Sources */,
				22D5271E266A7A1C00F3E58F /* GameModel.swift in Sources */,
				22D5270F266A784D00F3E58F /* GameView.swift in Sources */,
				22D5270D266A784D00F3E58F /* swiftui_guessing_number_gameApp.swift in Sources */,
			);
			runOnlyForDeploymentPostprocessing = 0;
		};
/* End PBXSourcesBuildPhase section */

/* Begin XCBuildConfiguration section */
		22D52716266A785200F3E58F /* Debug */ = {
			isa = XCBuildConfiguration;
			buildSettings = {
				ALWAYS_SEARCH_USER_PATHS = NO;
				CLANG_ANALYZER_NONNULL = YES;
				CLANG_ANALYZER_NUMBER_OBJECT_CONVERSION = YES_AGGRESSIVE;
				CLANG_CXX_LANGUAGE_STANDARD = "gnu++14";
				CLANG_CXX_LIBRARY = "libc++";
				CLANG_ENABLE_MODULES = YES;
				CLANG_ENABLE_OBJC_ARC = YES;
				CLANG_ENABLE_OBJC_WEAK = YES;
				CLANG_WARN_BLOCK_CAPTURE_AUTORELEASING = YES;
				CLANG_WARN_BOOL_CONVERSION = YES;
				CLANG_WARN_COMMA = YES;
				CLANG_WARN_CONSTANT_CONVERSION = YES;
				CLANG_WARN_DEPRECATED_OBJC_IMPLEMENTATIONS = YES;
				CLANG_WARN_DIRECT_OBJC_ISA_USAGE = YES_ERROR;
				CLANG_WARN_DOCUMENTATION_COMMENTS = YES;
				CLANG_WARN_EMPTY_BODY = YES;
				CLANG_WARN_ENUM_CONVERSION = YES;
				CLANG_WARN_INFINITE_RECURSION = YES;
				CLANG_WARN_INT_CONVERSION = YES;
				CLANG_WARN_NON_LITERAL_NULL_CONVERSION = YES;
				CLANG_WARN_OBJC_IMPLICIT_RETAIN_SELF = YES;
				CLANG_WARN_OBJC_LITERAL_CONVERSION = YES;
				CLANG_WARN_OBJC_ROOT_CLASS = YES_ERROR;
				CLANG_WARN_QUOTED_INCLUDE_IN_FRAMEWORK_HEADER = YES;
				CLANG_WARN_RANGE_LOOP_ANALYSIS = YES;
				CLANG_WARN_STRICT_PROTOTYPES = YES;
				CLANG_WARN_SUSPICIOUS_MOVE = YES;
				CLANG_WARN_UNGUARDED_AVAILABILITY = YES_AGGRESSIVE;
				CLANG_WARN_UNREACHABLE_CODE = YES;
				CLANG_WARN__DUPLICATE_METHOD_MATCH = YES;
				COPY_PHASE_STRIP = NO;
				DEBUG_INFORMATION_FORMAT = dwarf;
				ENABLE_STRICT_OBJC_MSGSEND = YES;
				ENABLE_TESTABILITY = YES;
				GCC_C_LANGUAGE_STANDARD = gnu11;
				GCC_DYNAMIC_NO_PIC = NO;
				GCC_NO_COMMON_BLOCKS = YES;
				GCC_OPTIMIZATION_LEVEL = 0;
				GCC_PREPROCESSOR_DEFINITIONS = (
					"DEBUG=1",
					"$(inherited)",
				);
				GCC_WARN_64_TO_32_BIT_CONVERSION = YES;
				GCC_WARN_ABOUT_RETURN_TYPE = YES_ERROR;
				GCC_WARN_UNDECLARED_SELECTOR = YES;
				GCC_WARN_UNINITIALIZED_AUTOS = YES_AGGRESSIVE;
				GCC_WARN_UNUSED_FUNCTION = YES;
				GCC_WARN_UNUSED_VARIABLE = YES;
				IPHONEOS_DEPLOYMENT_TARGET = 14.5;
				MTL_ENABLE_DEBUG_INFO = INCLUDE_SOURCE;
				MTL_FAST_MATH = YES;
				ONLY_ACTIVE_ARCH = YES;
				SDKROOT = iphoneos;
				SWIFT_ACTIVE_COMPILATION_CONDITIONS = DEBUG;
				SWIFT_OPTIMIZATION_LEVEL = "-Onone";
			};
			name = Debug;
		};
		22D52717266A785200F3E58F /* Release */ = {
			isa = XCBuildConfiguration;
			buildSettings = {
				ALWAYS_SEARCH_USER_PATHS = NO;
				CLANG_ANALYZER_NONNULL = YES;
				CLANG_ANALYZER_NUMBER_OBJECT_CONVERSION = YES_AGGRESSIVE;
				CLANG_CXX_LANGUAGE_STANDARD = "gnu++14";
				CLANG_CXX_LIBRARY = "libc++";
				CLANG_ENABLE_MODULES = YES;
				CLANG_ENABLE_OBJC_ARC = YES;
				CLANG_ENABLE_OBJC_WEAK = YES;
				CLANG_WARN_BLOCK_CAPTURE_AUTORELEASING = YES;
				CLANG_WARN_BOOL_CONVERSION = YES;
				CLANG_WARN_COMMA = YES;
				CLANG_WARN_CONSTANT_CONVERSION = YES;
				CLANG_WARN_DEPRECATED_OBJC_IMPLEMENTATIONS = YES;
				CLANG_WARN_DIRECT_OBJC_ISA_USAGE = YES_ERROR;
				CLANG_WARN_DOCUMENTATION_COMMENTS = YES;
				CLANG_WARN_EMPTY_BODY = YES;
				CLANG_WARN_ENUM_CONVERSION = YES;
				CLANG_WARN_INFINITE_RECURSION = YES;
				CLANG_WARN_INT_CONVERSION = YES;
				CLANG_WARN_NON_LITERAL_NULL_CONVERSION = YES;
				CLANG_WARN_OBJC_IMPLICIT_RETAIN_SELF = YES;
				CLANG_WARN_OBJC_LITERAL_CONVERSION = YES;
				CLANG_WARN_OBJC_ROOT_CLASS = YES_ERROR;
				CLANG_WARN_QUOTED_INCLUDE_IN_FRAMEWORK_HEADER = YES;
				CLANG_WARN_RANGE_LOOP_ANALYSIS = YES;
				CLANG_WARN_STRICT_PROTOTYPES = YES;
				CLANG_WARN_SUSPICIOUS_MOVE = YES;
				CLANG_WARN_UNGUARDED_AVAILABILITY = YES_AGGRESSIVE;
				CLANG_WARN_UNREACHABLE_CODE = YES;
				CLANG_WARN__DUPLICATE_METHOD_MATCH = YES;
				COPY_PHASE_STRIP = NO;
				DEBUG_INFORMATION_FORMAT = "dwarf-with-dsym";
				ENABLE_NS_ASSERTIONS = NO;
				ENABLE_STRICT_OBJC_MSGSEND = YES;
				GCC_C_LANGUAGE_STANDARD = gnu11;
				GCC_NO_COMMON_BLOCKS = YES;
				GCC_WARN_64_TO_32_BIT_CONVERSION = YES;
				GCC_WARN_ABOUT_RETURN_TYPE = YES_ERROR;
				GCC_WARN_UNDECLARED_SELECTOR = YES;
				GCC_WARN_UNINITIALIZED_AUTOS = YES_AGGRESSIVE;
				GCC_WARN_UNUSED_FUNCTION = YES;
				GCC_WARN_UNUSED_VARIABLE = YES;
				IPHONEOS_DEPLOYMENT_TARGET = 14.5;
				MTL_ENABLE_DEBUG_INFO = NO;
				MTL_FAST_MATH = YES;
				SDKROOT = iphoneos;
				SWIFT_COMPILATION_MODE = wholemodule;
				SWIFT_OPTIMIZATION_LEVEL = "-O";
				VALIDATE_PRODUCT = YES;
			};
			name = Release;
		};
		22D52719266A785200F3E58F /* Debug */ = {
			isa = XCBuildConfiguration;
			buildSettings = {
				ASSETCATALOG_COMPILER_APPICON_NAME = AppIcon;
				ASSETCATALOG_COMPILER_GLOBAL_ACCENT_COLOR_NAME = AccentColor;
				CODE_SIGN_STYLE = Automatic;
				DEVELOPMENT_ASSET_PATHS = "\"swiftui-guessing-number-game/Preview Content\"";
				DEVELOPMENT_TEAM = 6E66L27LG6;
				ENABLE_PREVIEWS = YES;
				INFOPLIST_FILE = "swiftui-guessing-number-game/Info.plist";
				IPHONEOS_DEPLOYMENT_TARGET = 14.0;
				LD_RUNPATH_SEARCH_PATHS = (
					"$(inherited)",
					"@executable_path/Frameworks",
				);
				PRODUCT_BUNDLE_IDENTIFIER = "com.samiparken.swiftui-guessing-number-game";
				PRODUCT_NAME = "$(TARGET_NAME)";
				SWIFT_VERSION = 5.0;
				TARGETED_DEVICE_FAMILY = "1,2";
			};
			name = Debug;
		};
		22D5271A266A785200F3E58F /* Release */ = {
			isa = XCBuildConfiguration;
			buildSettings = {
				ASSETCATALOG_COMPILER_APPICON_NAME = AppIcon;
				ASSETCATALOG_COMPILER_GLOBAL_ACCENT_COLOR_NAME = AccentColor;
				CODE_SIGN_STYLE = Automatic;
				DEVELOPMENT_ASSET_PATHS = "\"swiftui-guessing-number-game/Preview Content\"";
				DEVELOPMENT_TEAM = 6E66L27LG6;
				ENABLE_PREVIEWS = YES;
				INFOPLIST_FILE = "swiftui-guessing-number-game/Info.plist";
				IPHONEOS_DEPLOYMENT_TARGET = 14.0;
				LD_RUNPATH_SEARCH_PATHS = (
					"$(inherited)",
					"@executable_path/Frameworks",
				);
				PRODUCT_BUNDLE_IDENTIFIER = "com.samiparken.swiftui-guessing-number-game";
				PRODUCT_NAME = "$(TARGET_NAME)";
				SWIFT_VERSION = 5.0;
				TARGETED_DEVICE_FAMILY = "1,2";
			};
			name = Release;
		};
/* End XCBuildConfiguration section */

/* Begin XCConfigurationList section */
		22D52704266A784D00F3E58F /* Build configuration list for PBXProject "swiftui-guessing-number-game" */ = {
			isa = XCConfigurationList;
			buildConfigurations = (
				22D52716266A785200F3E58F /* Debug */,
				22D52717266A785200F3E58F /* Release */,
			);
			defaultConfigurationIsVisible = 0;
			defaultConfigurationName = Release;
		};
		22D52718266A785200F3E58F /* Build configuration list for PBXNativeTarget "swiftui-guessing-number-game" */ = {
			isa = XCConfigurationList;
			buildConfigurations = (
				22D52719266A785200F3E58F /* Debug */,
				22D5271A266A785200F3E58F /* Release */,
			);
			defaultConfigurationIsVisible = 0;
			defaultConfigurationName = Release;
		};
/* End XCConfigurationList section */
	};
	rootObject = 22D52701266A784D00F3E58F /* Project object */;
}
